hash: 184011a23bd27bb4637851ebbc674cef493e5bf521446905ed03ff01a767cf6d
updated: 2018-07-01T05:07:32.875725697+08:00
imports:
- name: github.com/mitchellh/go-homedir
  version: 3864e76763d94a6df2f9960b16a20a33da9f9a66
- name: github.com/pkg/errors
  version: 645ef00459ed84a119197bfb8d8205042c6df63d
- name: github.com/yuin/gopher-lua
  version: 46796da1b0b4794e1e341883a399f12cc7574b55
  subpackages:
  - ast
  - parse
  - pm
testImports:
- name: github.com/davecgh/go-spew
  version: 8991bc29aa16c548c550c7ff78260e27b9ab7c73
  subpackages:
  - spew
- name: github.com/pmezard/go-difflib
  version: 792786c7400a136282c1664665ae0a8db921c6c2
  subpackages:
  - difflib
- name: github.com/stretchr/testify
  version: f35b8ab0b5a2cef36673838d662e249dd9c94686
  subpackages:
  - assert
